// !$*UTF8*$!
{
	archiveVersion = 1;
	classes = {
	};
	objectVersion = 46;
	objects = {

/* Begin PBXBuildFile section */
		207F640419B5DF7E005261FA /* Polyline.h in Headers */ = {isa = PBXBuildFile; fileRef = 207F640319B5DF7E005261FA /* Polyline.h */; settings = {ATTRIBUTES = (Public, ); }; };
		207F640E19B5DF7E005261FA /* PolylineTests.swift in Sources */ = {isa = PBXBuildFile; fileRef = 207F640D19B5DF7E005261FA /* PolylineTests.swift */; };
		207F641B19B5E10C005261FA /* Polyline.swift in Sources */ = {isa = PBXBuildFile; fileRef = 207F641A19B5E10C005261FA /* Polyline.swift */; };
		28DD887E1AA1280C001CC005 /* FunctionalPolylineTests.swift in Sources */ = {isa = PBXBuildFile; fileRef = 28DD887D1AA1280C001CC005 /* FunctionalPolylineTests.swift */; };
		64E1F8751A285A76002F25D3 /* Polyline.framework in Copy Frameworks */ = {isa = PBXBuildFile; fileRef = 207F63FE19B5DF7E005261FA /* Polyline.framework */; settings = {ATTRIBUTES = (CodeSignOnCopy, RemoveHeadersOnCopy, ); }; };
		91F783361CE4EB7F004E87E3 /* Polyline.framework in Frameworks */ = {isa = PBXBuildFile; fileRef = 91F7832C1CE4EB7E004E87E3 /* Polyline.framework */; };
		DA01FB6F255361EF00335C7C /* CoreLocation.swift in Sources */ = {isa = PBXBuildFile; fileRef = DA01FB6E255361EF00335C7C /* CoreLocation.swift */; };
		DA01FB70255361EF00335C7C /* CoreLocation.swift in Sources */ = {isa = PBXBuildFile; fileRef = DA01FB6E255361EF00335C7C /* CoreLocation.swift */; };
		DA01FB71255361EF00335C7C /* CoreLocation.swift in Sources */ = {isa = PBXBuildFile; fileRef = DA01FB6E255361EF00335C7C /* CoreLocation.swift */; };
		DA01FB72255361EF00335C7C /* CoreLocation.swift in Sources */ = {isa = PBXBuildFile; fileRef = DA01FB6E255361EF00335C7C /* CoreLocation.swift */; };
		DA1A10661D003CF9009F82FA /* Polyline.h in Headers */ = {isa = PBXBuildFile; fileRef = 207F640319B5DF7E005261FA /* Polyline.h */; settings = {ATTRIBUTES = (Public, ); }; };
		DA1A10691D003DFB009F82FA /* Polyline.swift in Sources */ = {isa = PBXBuildFile; fileRef = 207F641A19B5E10C005261FA /* Polyline.swift */; };
		DA1A106A1D003E56009F82FA /* PolylineTests.swift in Sources */ = {isa = PBXBuildFile; fileRef = 207F640D19B5DF7E005261FA /* PolylineTests.swift */; };
		DA1A106B1D003E56009F82FA /* FunctionalPolylineTests.swift in Sources */ = {isa = PBXBuildFile; fileRef = 28DD887D1AA1280C001CC005 /* FunctionalPolylineTests.swift */; };
		DA1A107B1D003E88009F82FA /* Polyline.framework in Frameworks */ = {isa = PBXBuildFile; fileRef = DA1A10711D003E88009F82FA /* Polyline.framework */; };
		DA1A10881D003EA6009F82FA /* Polyline.h in Headers */ = {isa = PBXBuildFile; fileRef = 207F640319B5DF7E005261FA /* Polyline.h */; settings = {ATTRIBUTES = (Public, ); }; };
		DA1A10891D003EA6009F82FA /* Polyline.swift in Sources */ = {isa = PBXBuildFile; fileRef = 207F641A19B5E10C005261FA /* Polyline.swift */; };
		DA1A108A1D003EBB009F82FA /* PolylineTests.swift in Sources */ = {isa = PBXBuildFile; fileRef = 207F640D19B5DF7E005261FA /* PolylineTests.swift */; };
		DA1A108B1D003EBB009F82FA /* FunctionalPolylineTests.swift in Sources */ = {isa = PBXBuildFile; fileRef = 28DD887D1AA1280C001CC005 /* FunctionalPolylineTests.swift */; };
		DA1A10991D004035009F82FA /* Polyline.h in Headers */ = {isa = PBXBuildFile; fileRef = 207F640319B5DF7E005261FA /* Polyline.h */; settings = {ATTRIBUTES = (Public, ); }; };
		DA1A109A1D004035009F82FA /* Polyline.swift in Sources */ = {isa = PBXBuildFile; fileRef = 207F641A19B5E10C005261FA /* Polyline.swift */; };
/* End PBXBuildFile section */

/* Begin PBXContainerItemProxy section */
		91F783371CE4EB7F004E87E3 /* PBXContainerItemProxy */ = {
			isa = PBXContainerItemProxy;
			containerPortal = 207F63F519B5DF7E005261FA /* Project object */;
			proxyType = 1;
			remoteGlobalIDString = 91F7832B1CE4EB7E004E87E3;
			remoteInfo = PolylineMac;
		};
		DA1A107C1D003E88009F82FA /* PBXContainerItemProxy */ = {
			isa = PBXContainerItemProxy;
			containerPortal = 207F63F519B5DF7E005261FA /* Project object */;
			proxyType = 1;
			remoteGlobalIDString = DA1A10701D003E88009F82FA;
			remoteInfo = PolylineTV;
		};
/* End PBXContainerItemProxy section */

/* Begin PBXCopyFilesBuildPhase section */
		64E1F8741A285A66002F25D3 /* Copy Frameworks */ = {
			isa = PBXCopyFilesBuildPhase;
			buildActionMask = 2147483647;
			dstPath = "";
			dstSubfolderSpec = 10;
			files = (
				64E1F8751A285A76002F25D3 /* Polyline.framework in Copy Frameworks */,
			);
			name = "Copy Frameworks";
			runOnlyForDeploymentPostprocessing = 0;
		};
/* End PBXCopyFilesBuildPhase section */

/* Begin PBXFileReference section */
		207F63FE19B5DF7E005261FA /* Polyline.framework */ = {isa = PBXFileReference; explicitFileType = wrapper.framework; includeInIndex = 0; path = Polyline.framework; sourceTree = BUILT_PRODUCTS_DIR; };
		207F640219B5DF7E005261FA /* Info.plist */ = {isa = PBXFileReference; lastKnownFileType = text.plist.xml; path = Info.plist; sourceTree = "<group>"; };
		207F640319B5DF7E005261FA /* Polyline.h */ = {isa = PBXFileReference; lastKnownFileType = sourcecode.c.h; path = Polyline.h; sourceTree = "<group>"; };
		207F640919B5DF7E005261FA /* PolylineTests.xctest */ = {isa = PBXFileReference; explicitFileType = wrapper.cfbundle; includeInIndex = 0; path = PolylineTests.xctest; sourceTree = BUILT_PRODUCTS_DIR; };
		207F640C19B5DF7E005261FA /* Info.plist */ = {isa = PBXFileReference; lastKnownFileType = text.plist.xml; path = Info.plist; sourceTree = "<group>"; };
		207F640D19B5DF7E005261FA /* PolylineTests.swift */ = {isa = PBXFileReference; lastKnownFileType = sourcecode.swift; path = PolylineTests.swift; sourceTree = "<group>"; };
		207F641819B5E05A005261FA /* LICENSE.txt */ = {isa = PBXFileReference; fileEncoding = 4; lastKnownFileType = text; path = LICENSE.txt; sourceTree = "<group>"; };
		207F641A19B5E10C005261FA /* Polyline.swift */ = {isa = PBXFileReference; fileEncoding = 4; lastKnownFileType = sourcecode.swift; path = Polyline.swift; sourceTree = "<group>"; };
		207F641C19B5EDC3005261FA /* README.md */ = {isa = PBXFileReference; fileEncoding = 4; lastKnownFileType = net.daringfireball.markdown; path = README.md; sourceTree = "<group>"; };
		28DD887D1AA1280C001CC005 /* FunctionalPolylineTests.swift */ = {isa = PBXFileReference; fileEncoding = 4; lastKnownFileType = sourcecode.swift; path = FunctionalPolylineTests.swift; sourceTree = "<group>"; };
		91F7832C1CE4EB7E004E87E3 /* Polyline.framework */ = {isa = PBXFileReference; explicitFileType = wrapper.framework; includeInIndex = 0; path = Polyline.framework; sourceTree = BUILT_PRODUCTS_DIR; };
		91F783351CE4EB7E004E87E3 /* PolylineTests.xctest */ = {isa = PBXFileReference; explicitFileType = wrapper.cfbundle; includeInIndex = 0; path = PolylineTests.xctest; sourceTree = BUILT_PRODUCTS_DIR; };
		DA01FB6E255361EF00335C7C /* CoreLocation.swift */ = {isa = PBXFileReference; fileEncoding = 4; lastKnownFileType = sourcecode.swift; path = CoreLocation.swift; sourceTree = "<group>"; };
		DA1A10711D003E88009F82FA /* Polyline.framework */ = {isa = PBXFileReference; explicitFileType = wrapper.framework; includeInIndex = 0; path = Polyline.framework; sourceTree = BUILT_PRODUCTS_DIR; };
		DA1A107A1D003E88009F82FA /* PolylineTests.xctest */ = {isa = PBXFileReference; explicitFileType = wrapper.cfbundle; includeInIndex = 0; path = PolylineTests.xctest; sourceTree = BUILT_PRODUCTS_DIR; };
		DA1A10911D00400D009F82FA /* Polyline.framework */ = {isa = PBXFileReference; explicitFileType = wrapper.framework; includeInIndex = 0; path = Polyline.framework; sourceTree = BUILT_PRODUCTS_DIR; };
/* End PBXFileReference section */

/* Begin PBXFrameworksBuildPhase section */
		207F63FA19B5DF7E005261FA /* Frameworks */ = {
			isa = PBXFrameworksBuildPhase;
			buildActionMask = 2147483647;
			files = (
			);
			runOnlyForDeploymentPostprocessing = 0;
		};
		207F640619B5DF7E005261FA /* Frameworks */ = {
			isa = PBXFrameworksBuildPhase;
			buildActionMask = 2147483647;
			files = (
			);
			runOnlyForDeploymentPostprocessing = 0;
		};
		91F783281CE4EB7E004E87E3 /* Frameworks */ = {
			isa = PBXFrameworksBuildPhase;
			buildActionMask = 2147483647;
			files = (
			);
			runOnlyForDeploymentPostprocessing = 0;
		};
		91F783321CE4EB7E004E87E3 /* Frameworks */ = {
			isa = PBXFrameworksBuildPhase;
			buildActionMask = 2147483647;
			files = (
				91F783361CE4EB7F004E87E3 /* Polyline.framework in Frameworks */,
			);
			runOnlyForDeploymentPostprocessing = 0;
		};
		DA1A106D1D003E88009F82FA /* Frameworks */ = {
			isa = PBXFrameworksBuildPhase;
			buildActionMask = 2147483647;
			files = (
			);
			runOnlyForDeploymentPostprocessing = 0;
		};
		DA1A10771D003E88009F82FA /* Frameworks */ = {
			isa = PBXFrameworksBuildPhase;
			buildActionMask = 2147483647;
			files = (
				DA1A107B1D003E88009F82FA /* Polyline.framework in Frameworks */,
			);
			runOnlyForDeploymentPostprocessing = 0;
		};
		DA1A108D1D00400D009F82FA /* Frameworks */ = {
			isa = PBXFrameworksBuildPhase;
			buildActionMask = 2147483647;
			files = (
			);
			runOnlyForDeploymentPostprocessing = 0;
		};
/* End PBXFrameworksBuildPhase section */

/* Begin PBXGroup section */
		207F63F419B5DF7E005261FA = {
			isa = PBXGroup;
			children = (
				35A28A5720E284B20030D1D9 /* Tests */,
				35A28A5420E283D10030D1D9 /* Sources */,
				207F641C19B5EDC3005261FA /* README.md */,
				207F641819B5E05A005261FA /* LICENSE.txt */,
				207F63FF19B5DF7E005261FA /* Products */,
			);
			sourceTree = "<group>";
		};
		207F63FF19B5DF7E005261FA /* Products */ = {
			isa = PBXGroup;
			children = (
				207F63FE19B5DF7E005261FA /* Polyline.framework */,
				207F640919B5DF7E005261FA /* PolylineTests.xctest */,
				91F7832C1CE4EB7E004E87E3 /* Polyline.framework */,
				91F783351CE4EB7E004E87E3 /* PolylineTests.xctest */,
				DA1A10711D003E88009F82FA /* Polyline.framework */,
				DA1A107A1D003E88009F82FA /* PolylineTests.xctest */,
				DA1A10911D00400D009F82FA /* Polyline.framework */,
			);
			name = Products;
			sourceTree = "<group>";
		};
		207F640A19B5DF7E005261FA /* PolylineTests */ = {
			isa = PBXGroup;
			children = (
				207F640D19B5DF7E005261FA /* PolylineTests.swift */,
				28DD887D1AA1280C001CC005 /* FunctionalPolylineTests.swift */,
				207F640B19B5DF7E005261FA /* Supporting Files */,
			);
			path = PolylineTests;
			sourceTree = "<group>";
		};
		207F640B19B5DF7E005261FA /* Supporting Files */ = {
			isa = PBXGroup;
			children = (
				207F640C19B5DF7E005261FA /* Info.plist */,
			);
			name = "Supporting Files";
			sourceTree = "<group>";
		};
		35A28A5420E283D10030D1D9 /* Sources */ = {
			isa = PBXGroup;
			children = (
				35A28A5520E283EA0030D1D9 /* Polyline */,
			);
			path = Sources;
			sourceTree = "<group>";
		};
		35A28A5520E283EA0030D1D9 /* Polyline */ = {
			isa = PBXGroup;
			children = (
				207F640319B5DF7E005261FA /* Polyline.h */,
				207F641A19B5E10C005261FA /* Polyline.swift */,
				DA01FB6E255361EF00335C7C /* CoreLocation.swift */,
				35A28A5620E283F90030D1D9 /* Supporting Files */,
			);
			path = Polyline;
			sourceTree = "<group>";
		};
		35A28A5620E283F90030D1D9 /* Supporting Files */ = {
			isa = PBXGroup;
			children = (
				207F640219B5DF7E005261FA /* Info.plist */,
			);
			name = "Supporting Files";
			sourceTree = "<group>";
		};
		35A28A5720E284B20030D1D9 /* Tests */ = {
			isa = PBXGroup;
			children = (
				207F640A19B5DF7E005261FA /* PolylineTests */,
			);
			path = Tests;
			sourceTree = "<group>";
		};
/* End PBXGroup section */

/* Begin PBXHeadersBuildPhase section */
		207F63FB19B5DF7E005261FA /* Headers */ = {
			isa = PBXHeadersBuildPhase;
			buildActionMask = 2147483647;
			files = (
				207F640419B5DF7E005261FA /* Polyline.h in Headers */,
			);
			runOnlyForDeploymentPostprocessing = 0;
		};
		91F783291CE4EB7E004E87E3 /* Headers */ = {
			isa = PBXHeadersBuildPhase;
			buildActionMask = 2147483647;
			files = (
				DA1A10661D003CF9009F82FA /* Polyline.h in Headers */,
			);
			runOnlyForDeploymentPostprocessing = 0;
		};
		DA1A106E1D003E88009F82FA /* Headers */ = {
			isa = PBXHeadersBuildPhase;
			buildActionMask = 2147483647;
			files = (
				DA1A10881D003EA6009F82FA /* Polyline.h in Headers */,
			);
			runOnlyForDeploymentPostprocessing = 0;
		};
		DA1A108E1D00400D009F82FA /* Headers */ = {
			isa = PBXHeadersBuildPhase;
			buildActionMask = 2147483647;
			files = (
				DA1A10991D004035009F82FA /* Polyline.h in Headers */,
			);
			runOnlyForDeploymentPostprocessing = 0;
		};
/* End PBXHeadersBuildPhase section */

/* Begin PBXNativeTarget section */
		207F63FD19B5DF7E005261FA /* Polyline */ = {
			isa = PBXNativeTarget;
			buildConfigurationList = 207F641119B5DF7E005261FA /* Build configuration list for PBXNativeTarget "Polyline" */;
			buildPhases = (
				207F63F919B5DF7E005261FA /* Sources */,
				207F63FA19B5DF7E005261FA /* Frameworks */,
				207F63FB19B5DF7E005261FA /* Headers */,
				207F63FC19B5DF7E005261FA /* Resources */,
			);
			buildRules = (
			);
			dependencies = (
			);
			name = Polyline;
			productName = Polyline;
			productReference = 207F63FE19B5DF7E005261FA /* Polyline.framework */;
			productType = "com.apple.product-type.framework";
		};
		207F640819B5DF7E005261FA /* PolylineTests */ = {
			isa = PBXNativeTarget;
			buildConfigurationList = 207F641419B5DF7E005261FA /* Build configuration list for PBXNativeTarget "PolylineTests" */;
			buildPhases = (
				207F640519B5DF7E005261FA /* Sources */,
				207F640619B5DF7E005261FA /* Frameworks */,
				207F640719B5DF7E005261FA /* Resources */,
				64E1F8741A285A66002F25D3 /* Copy Frameworks */,
			);
			buildRules = (
			);
			dependencies = (
			);
			name = PolylineTests;
			productName = PolylineTests;
			productReference = 207F640919B5DF7E005261FA /* PolylineTests.xctest */;
			productType = "com.apple.product-type.bundle.unit-test";
		};
		91F7832B1CE4EB7E004E87E3 /* PolylineMac */ = {
			isa = PBXNativeTarget;
			buildConfigurationList = 91F7833D1CE4EB7F004E87E3 /* Build configuration list for PBXNativeTarget "PolylineMac" */;
			buildPhases = (
				91F783271CE4EB7E004E87E3 /* Sources */,
				91F783281CE4EB7E004E87E3 /* Frameworks */,
				91F783291CE4EB7E004E87E3 /* Headers */,
				91F7832A1CE4EB7E004E87E3 /* Resources */,
			);
			buildRules = (
			);
			dependencies = (
			);
			name = PolylineMac;
			productName = PolylineMac;
			productReference = 91F7832C1CE4EB7E004E87E3 /* Polyline.framework */;
			productType = "com.apple.product-type.framework";
		};
		91F783341CE4EB7E004E87E3 /* PolylineMacTests */ = {
			isa = PBXNativeTarget;
			buildConfigurationList = 91F783401CE4EB7F004E87E3 /* Build configuration list for PBXNativeTarget "PolylineMacTests" */;
			buildPhases = (
				91F783311CE4EB7E004E87E3 /* Sources */,
				91F783321CE4EB7E004E87E3 /* Frameworks */,
				91F783331CE4EB7E004E87E3 /* Resources */,
			);
			buildRules = (
			);
			dependencies = (
				91F783381CE4EB7F004E87E3 /* PBXTargetDependency */,
			);
			name = PolylineMacTests;
			productName = PolylineMacTests;
			productReference = 91F783351CE4EB7E004E87E3 /* PolylineTests.xctest */;
			productType = "com.apple.product-type.bundle.unit-test";
		};
		DA1A10701D003E88009F82FA /* PolylineTV */ = {
			isa = PBXNativeTarget;
			buildConfigurationList = DA1A10861D003E88009F82FA /* Build configuration list for PBXNativeTarget "PolylineTV" */;
			buildPhases = (
				DA1A106C1D003E88009F82FA /* Sources */,
				DA1A106D1D003E88009F82FA /* Frameworks */,
				DA1A106E1D003E88009F82FA /* Headers */,
				DA1A106F1D003E88009F82FA /* Resources */,
			);
			buildRules = (
			);
			dependencies = (
			);
			name = PolylineTV;
			productName = PolylineTV;
			productReference = DA1A10711D003E88009F82FA /* Polyline.framework */;
			productType = "com.apple.product-type.framework";
		};
		DA1A10791D003E88009F82FA /* PolylineTVTests */ = {
			isa = PBXNativeTarget;
			buildConfigurationList = DA1A10871D003E88009F82FA /* Build configuration list for PBXNativeTarget "PolylineTVTests" */;
			buildPhases = (
				DA1A10761D003E88009F82FA /* Sources */,
				DA1A10771D003E88009F82FA /* Frameworks */,
				DA1A10781D003E88009F82FA /* Resources */,
			);
			buildRules = (
			);
			dependencies = (
				DA1A107D1D003E88009F82FA /* PBXTargetDependency */,
			);
			name = PolylineTVTests;
			productName = PolylineTVTests;
			productReference = DA1A107A1D003E88009F82FA /* PolylineTests.xctest */;
			productType = "com.apple.product-type.bundle.unit-test";
		};
		DA1A10901D00400D009F82FA /* PolylineWatch */ = {
			isa = PBXNativeTarget;
			buildConfigurationList = DA1A10961D00400D009F82FA /* Build configuration list for PBXNativeTarget "PolylineWatch" */;
			buildPhases = (
				DA1A108C1D00400D009F82FA /* Sources */,
				DA1A108D1D00400D009F82FA /* Frameworks */,
				DA1A108E1D00400D009F82FA /* Headers */,
				DA1A108F1D00400D009F82FA /* Resources */,
			);
			buildRules = (
			);
			dependencies = (
			);
			name = PolylineWatch;
			productName = PolylineWatch;
			productReference = DA1A10911D00400D009F82FA /* Polyline.framework */;
			productType = "com.apple.product-type.framework";
		};
/* End PBXNativeTarget section */

/* Begin PBXProject section */
		207F63F519B5DF7E005261FA /* Project object */ = {
			isa = PBXProject;
			attributes = {
				LastSwiftMigration = 0700;
				LastSwiftUpdateCheck = 0730;
				LastUpgradeCheck = 1400;
				ORGANIZATIONNAME = "Raphael MOR";
				TargetAttributes = {
					207F63FD19B5DF7E005261FA = {
						CreatedOnToolsVersion = 6.0;
						LastSwiftMigration = 0900;
					};
					207F640819B5DF7E005261FA = {
						CreatedOnToolsVersion = 6.0;
						LastSwiftMigration = 0900;
					};
					91F7832B1CE4EB7E004E87E3 = {
						CreatedOnToolsVersion = 7.3.1;
						LastSwiftMigration = 1130;
					};
					91F783341CE4EB7E004E87E3 = {
						CreatedOnToolsVersion = 7.3.1;
						LastSwiftMigration = 1130;
					};
					DA1A10701D003E88009F82FA = {
						CreatedOnToolsVersion = 7.3.1;
					};
					DA1A10791D003E88009F82FA = {
						CreatedOnToolsVersion = 7.3.1;
					};
					DA1A10901D00400D009F82FA = {
						CreatedOnToolsVersion = 7.3.1;
						LastSwiftMigration = 0800;
					};
				};
			};
			buildConfigurationList = 207F63F819B5DF7E005261FA /* Build configuration list for PBXProject "Polyline" */;
			compatibilityVersion = "Xcode 3.2";
			developmentRegion = en;
			hasScannedForEncodings = 0;
			knownRegions = (
				en,
				Base,
			);
			mainGroup = 207F63F419B5DF7E005261FA;
			productRefGroup = 207F63FF19B5DF7E005261FA /* Products */;
			projectDirPath = "";
			projectRoot = "";
			targets = (
				207F63FD19B5DF7E005261FA /* Polyline */,
				207F640819B5DF7E005261FA /* PolylineTests */,
				91F7832B1CE4EB7E004E87E3 /* PolylineMac */,
				91F783341CE4EB7E004E87E3 /* PolylineMacTests */,
				DA1A10701D003E88009F82FA /* PolylineTV */,
				DA1A10791D003E88009F82FA /* PolylineTVTests */,
				DA1A10901D00400D009F82FA /* PolylineWatch */,
			);
		};
/* End PBXProject section */

/* Begin PBXResourcesBuildPhase section */
		207F63FC19B5DF7E005261FA /* Resources */ = {
			isa = PBXResourcesBuildPhase;
			buildActionMask = 2147483647;
			files = (
			);
			runOnlyForDeploymentPostprocessing = 0;
		};
		207F640719B5DF7E005261FA /* Resources */ = {
			isa = PBXResourcesBuildPhase;
			buildActionMask = 2147483647;
			files = (
			);
			runOnlyForDeploymentPostprocessing = 0;
		};
		91F7832A1CE4EB7E004E87E3 /* Resources */ = {
			isa = PBXResourcesBuildPhase;
			buildActionMask = 2147483647;
			files = (
			);
			runOnlyForDeploymentPostprocessing = 0;
		};
		91F783331CE4EB7E004E87E3 /* Resources */ = {
			isa = PBXResourcesBuildPhase;
			buildActionMask = 2147483647;
			files = (
			);
			runOnlyForDeploymentPostprocessing = 0;
		};
		DA1A106F1D003E88009F82FA /* Resources */ = {
			isa = PBXResourcesBuildPhase;
			buildActionMask = 2147483647;
			files = (
			);
			runOnlyForDeploymentPostprocessing = 0;
		};
		DA1A10781D003E88009F82FA /* Resources */ = {
			isa = PBXResourcesBuildPhase;
			buildActionMask = 2147483647;
			files = (
			);
			runOnlyForDeploymentPostprocessing = 0;
		};
		DA1A108F1D00400D009F82FA /* Resources */ = {
			isa = PBXResourcesBuildPhase;
			buildActionMask = 2147483647;
			files = (
			);
			runOnlyForDeploymentPostprocessing = 0;
		};
/* End PBXResourcesBuildPhase section */

/* Begin PBXSourcesBuildPhase section */
		207F63F919B5DF7E005261FA /* Sources */ = {
			isa = PBXSourcesBuildPhase;
			buildActionMask = 2147483647;
			files = (
				207F641B19B5E10C005261FA /* Polyline.swift in Sources */,
				DA01FB6F255361EF00335C7C /* CoreLocation.swift in Sources */,
			);
			runOnlyForDeploymentPostprocessing = 0;
		};
		207F640519B5DF7E005261FA /* Sources */ = {
			isa = PBXSourcesBuildPhase;
			buildActionMask = 2147483647;
			files = (
				28DD887E1AA1280C001CC005 /* FunctionalPolylineTests.swift in Sources */,
				207F640E19B5DF7E005261FA /* PolylineTests.swift in Sources */,
			);
			runOnlyForDeploymentPostprocessing = 0;
		};
		91F783271CE4EB7E004E87E3 /* Sources */ = {
			isa = PBXSourcesBuildPhase;
			buildActionMask = 2147483647;
			files = (
				DA1A10691D003DFB009F82FA /* Polyline.swift in Sources */,
				DA01FB70255361EF00335C7C /* CoreLocation.swift in Sources */,
			);
			runOnlyForDeploymentPostprocessing = 0;
		};
		91F783311CE4EB7E004E87E3 /* Sources */ = {
			isa = PBXSourcesBuildPhase;
			buildActionMask = 2147483647;
			files = (
				DA1A106B1D003E56009F82FA /* FunctionalPolylineTests.swift in Sources */,
				DA1A106A1D003E56009F82FA /* PolylineTests.swift in Sources */,
			);
			runOnlyForDeploymentPostprocessing = 0;
		};
		DA1A106C1D003E88009F82FA /* Sources */ = {
			isa = PBXSourcesBuildPhase;
			buildActionMask = 2147483647;
			files = (
				DA1A10891D003EA6009F82FA /* Polyline.swift in Sources */,
				DA01FB71255361EF00335C7C /* CoreLocation.swift in Sources */,
			);
			runOnlyForDeploymentPostprocessing = 0;
		};
		DA1A10761D003E88009F82FA /* Sources */ = {
			isa = PBXSourcesBuildPhase;
			buildActionMask = 2147483647;
			files = (
				DA1A108B1D003EBB009F82FA /* FunctionalPolylineTests.swift in Sources */,
				DA1A108A1D003EBB009F82FA /* PolylineTests.swift in Sources */,
			);
			runOnlyForDeploymentPostprocessing = 0;
		};
		DA1A108C1D00400D009F82FA /* Sources */ = {
			isa = PBXSourcesBuildPhase;
			buildActionMask = 2147483647;
			files = (
				DA1A109A1D004035009F82FA /* Polyline.swift in Sources */,
				DA01FB72255361EF00335C7C /* CoreLocation.swift in Sources */,
			);
			runOnlyForDeploymentPostprocessing = 0;
		};
/* End PBXSourcesBuildPhase section */

/* Begin PBXTargetDependency section */
		91F783381CE4EB7F004E87E3 /* PBXTargetDependency */ = {
			isa = PBXTargetDependency;
			target = 91F7832B1CE4EB7E004E87E3 /* PolylineMac */;
			targetProxy = 91F783371CE4EB7F004E87E3 /* PBXContainerItemProxy */;
		};
		DA1A107D1D003E88009F82FA /* PBXTargetDependency */ = {
			isa = PBXTargetDependency;
			target = DA1A10701D003E88009F82FA /* PolylineTV */;
			targetProxy = DA1A107C1D003E88009F82FA /* PBXContainerItemProxy */;
		};
/* End PBXTargetDependency section */

/* Begin XCBuildConfiguration section */
		207F640F19B5DF7E005261FA /* Debug */ = {
			isa = XCBuildConfiguration;
			buildSettings = {
				ALWAYS_SEARCH_USER_PATHS = NO;
				BITCODE_GENERATION_MODE = bitcode;
				CLANG_ANALYZER_LOCALIZABILITY_NONLOCALIZED = YES;
				CLANG_CXX_LANGUAGE_STANDARD = "gnu++0x";
				CLANG_CXX_LIBRARY = "libc++";
				CLANG_ENABLE_MODULES = YES;
				CLANG_ENABLE_OBJC_ARC = YES;
				CLANG_WARN_BLOCK_CAPTURE_AUTORELEASING = YES;
				CLANG_WARN_BOOL_CONVERSION = YES;
				CLANG_WARN_COMMA = YES;
				CLANG_WARN_CONSTANT_CONVERSION = YES;
				CLANG_WARN_DEPRECATED_OBJC_IMPLEMENTATIONS = YES;
				CLANG_WARN_DIRECT_OBJC_ISA_USAGE = YES_ERROR;
				CLANG_WARN_EMPTY_BODY = YES;
				CLANG_WARN_ENUM_CONVERSION = YES;
				CLANG_WARN_INFINITE_RECURSION = YES;
				CLANG_WARN_INT_CONVERSION = YES;
				CLANG_WARN_NON_LITERAL_NULL_CONVERSION = YES;
				CLANG_WARN_OBJC_IMPLICIT_RETAIN_SELF = YES;
				CLANG_WARN_OBJC_LITERAL_CONVERSION = YES;
				CLANG_WARN_OBJC_ROOT_CLASS = YES_ERROR;
				CLANG_WARN_QUOTED_INCLUDE_IN_FRAMEWORK_HEADER = YES;
				CLANG_WARN_RANGE_LOOP_ANALYSIS = YES;
				CLANG_WARN_STRICT_PROTOTYPES = YES;
				CLANG_WARN_SUSPICIOUS_MOVE = YES;
				CLANG_WARN_UNREACHABLE_CODE = YES;
				CLANG_WARN__DUPLICATE_METHOD_MATCH = YES;
				"CODE_SIGN_IDENTITY[sdk=iphoneos*]" = "iPhone Developer";
				COPY_PHASE_STRIP = NO;
				CURRENT_PROJECT_VERSION = 6;
				ENABLE_STRICT_OBJC_MSGSEND = YES;
				ENABLE_TESTABILITY = YES;
				GCC_C_LANGUAGE_STANDARD = gnu99;
				GCC_DYNAMIC_NO_PIC = NO;
				GCC_NO_COMMON_BLOCKS = YES;
				GCC_OPTIMIZATION_LEVEL = 0;
				GCC_PREPROCESSOR_DEFINITIONS = (
					"DEBUG=1",
					"$(inherited)",
				);
				GCC_SYMBOLS_PRIVATE_EXTERN = NO;
				GCC_WARN_64_TO_32_BIT_CONVERSION = YES;
				GCC_WARN_ABOUT_RETURN_TYPE = YES_ERROR;
				GCC_WARN_UNDECLARED_SELECTOR = YES;
				GCC_WARN_UNINITIALIZED_AUTOS = YES_AGGRESSIVE;
				GCC_WARN_UNUSED_FUNCTION = YES;
				GCC_WARN_UNUSED_VARIABLE = YES;
				IPHONEOS_DEPLOYMENT_TARGET = 12.0;
				MACOSX_DEPLOYMENT_TARGET = 10.14;
				MTL_ENABLE_DEBUG_INFO = YES;
				ONLY_ACTIVE_ARCH = YES;
				SDKROOT = iphoneos;
				SWIFT_OPTIMIZATION_LEVEL = "-Onone";
				SWIFT_VERSION = 5.0;
				TARGETED_DEVICE_FAMILY = "1,2";
				TVOS_DEPLOYMENT_TARGET = 12.0;
				VERSIONING_SYSTEM = "apple-generic";
				VERSION_INFO_PREFIX = "";
				WATCHOS_DEPLOYMENT_TARGET = 5.0;
			};
			name = Debug;
		};
		207F641019B5DF7E005261FA /* Release */ = {
			isa = XCBuildConfiguration;
			buildSettings = {
				ALWAYS_SEARCH_USER_PATHS = NO;
				BITCODE_GENERATION_MODE = bitcode;
				BUILD_LIBRARY_FOR_DISTRIBUTION = YES;
				CLANG_ANALYZER_LOCALIZABILITY_NONLOCALIZED = YES;
				CLANG_CXX_LANGUAGE_STANDARD = "gnu++0x";
				CLANG_CXX_LIBRARY = "libc++";
				CLANG_ENABLE_MODULES = YES;
				CLANG_ENABLE_OBJC_ARC = YES;
				CLANG_WARN_BLOCK_CAPTURE_AUTORELEASING = YES;
				CLANG_WARN_BOOL_CONVERSION = YES;
				CLANG_WARN_COMMA = YES;
				CLANG_WARN_CONSTANT_CONVERSION = YES;
				CLANG_WARN_DEPRECATED_OBJC_IMPLEMENTATIONS = YES;
				CLANG_WARN_DIRECT_OBJC_ISA_USAGE = YES_ERROR;
				CLANG_WARN_EMPTY_BODY = YES;
				CLANG_WARN_ENUM_CONVERSION = YES;
				CLANG_WARN_INFINITE_RECURSION = YES;
				CLANG_WARN_INT_CONVERSION = YES;
				CLANG_WARN_NON_LITERAL_NULL_CONVERSION = YES;
				CLANG_WARN_OBJC_IMPLICIT_RETAIN_SELF = YES;
				CLANG_WARN_OBJC_LITERAL_CONVERSION = YES;
				CLANG_WARN_OBJC_ROOT_CLASS = YES_ERROR;
				CLANG_WARN_QUOTED_INCLUDE_IN_FRAMEWORK_HEADER = YES;
				CLANG_WARN_RANGE_LOOP_ANALYSIS = YES;
				CLANG_WARN_STRICT_PROTOTYPES = YES;
				CLANG_WARN_SUSPICIOUS_MOVE = YES;
				CLANG_WARN_UNREACHABLE_CODE = YES;
				CLANG_WARN__DUPLICATE_METHOD_MATCH = YES;
				"CODE_SIGN_IDENTITY[sdk=iphoneos*]" = "iPhone Developer";
				COPY_PHASE_STRIP = YES;
				CURRENT_PROJECT_VERSION = 6;
				ENABLE_NS_ASSERTIONS = NO;
				ENABLE_STRICT_OBJC_MSGSEND = YES;
				GCC_C_LANGUAGE_STANDARD = gnu99;
				GCC_NO_COMMON_BLOCKS = YES;
				GCC_WARN_64_TO_32_BIT_CONVERSION = YES;
				GCC_WARN_ABOUT_RETURN_TYPE = YES_ERROR;
				GCC_WARN_UNDECLARED_SELECTOR = YES;
				GCC_WARN_UNINITIALIZED_AUTOS = YES_AGGRESSIVE;
				GCC_WARN_UNUSED_FUNCTION = YES;
				GCC_WARN_UNUSED_VARIABLE = YES;
				IPHONEOS_DEPLOYMENT_TARGET = 12.0;
				MACOSX_DEPLOYMENT_TARGET = 10.14;
				MTL_ENABLE_DEBUG_INFO = NO;
				SDKROOT = iphoneos;
				SWIFT_OPTIMIZATION_LEVEL = "-Owholemodule";
				SWIFT_VERSION = 5.0;
				TARGETED_DEVICE_FAMILY = "1,2";
				TVOS_DEPLOYMENT_TARGET = 12.0;
				VALIDATE_PRODUCT = YES;
				VERSIONING_SYSTEM = "apple-generic";
				VERSION_INFO_PREFIX = "";
				WATCHOS_DEPLOYMENT_TARGET = 5.0;
			};
			name = Release;
		};
		207F641219B5DF7E005261FA /* Debug */ = {
			isa = XCBuildConfiguration;
			buildSettings = {
				APPLICATION_EXTENSION_API_ONLY = YES;
				CLANG_ENABLE_MODULES = YES;
				"CODE_SIGN_IDENTITY[sdk=iphoneos*]" = "";
				DEFINES_MODULE = YES;
				DYLIB_COMPATIBILITY_VERSION = 1;
				DYLIB_CURRENT_VERSION = 7;
				DYLIB_INSTALL_NAME_BASE = "@rpath";
				EXCLUDED_ARCHS = "";
				INFOPLIST_FILE = Sources/Polyline/Info.plist;
				INSTALL_PATH = "$(LOCAL_LIBRARY_DIR)/Frameworks";
				IPHONEOS_DEPLOYMENT_TARGET = 12.0;
				LD_RUNPATH_SEARCH_PATHS = "$(inherited) @executable_path/Frameworks @loader_path/Frameworks";
				PRODUCT_BUNDLE_IDENTIFIER = "com.ramoapps.$(PRODUCT_NAME:rfc1034identifier)";
				PRODUCT_NAME = "$(TARGET_NAME)";
				SKIP_INSTALL = YES;
				SWIFT_OBJC_BRIDGING_HEADER = "";
				SWIFT_OPTIMIZATION_LEVEL = "-Onone";
			};
			name = Debug;
		};
		207F641319B5DF7E005261FA /* Release */ = {
			isa = XCBuildConfiguration;
			buildSettings = {
				APPLICATION_EXTENSION_API_ONLY = YES;
				CLANG_ENABLE_MODULES = YES;
				"CODE_SIGN_IDENTITY[sdk=iphoneos*]" = "";
				DEFINES_MODULE = YES;
				DYLIB_COMPATIBILITY_VERSION = 1;
				DYLIB_CURRENT_VERSION = 7;
				DYLIB_INSTALL_NAME_BASE = "@rpath";
				EXCLUDED_ARCHS = "";
				INFOPLIST_FILE = Sources/Polyline/Info.plist;
				INSTALL_PATH = "$(LOCAL_LIBRARY_DIR)/Frameworks";
				IPHONEOS_DEPLOYMENT_TARGET = 12.0;
				LD_RUNPATH_SEARCH_PATHS = "$(inherited) @executable_path/Frameworks @loader_path/Frameworks";
				PRODUCT_BUNDLE_IDENTIFIER = "com.ramoapps.$(PRODUCT_NAME:rfc1034identifier)";
				PRODUCT_NAME = "$(TARGET_NAME)";
				SKIP_INSTALL = YES;
				SWIFT_OBJC_BRIDGING_HEADER = "";
			};
			name = Release;
		};
		207F641519B5DF7E005261FA /* Debug */ = {
			isa = XCBuildConfiguration;
			buildSettings = {
				GCC_PREPROCESSOR_DEFINITIONS = (
					"DEBUG=1",
					"$(inherited)",
				);
				INFOPLIST_FILE = Tests/PolylineTests/Info.plist;
				IPHONEOS_DEPLOYMENT_TARGET = 12.0;
				LD_RUNPATH_SEARCH_PATHS = "$(inherited) @executable_path/Frameworks @loader_path/Frameworks";
				PRODUCT_BUNDLE_IDENTIFIER = "com.ramoapps.$(PRODUCT_NAME:rfc1034identifier)";
				PRODUCT_NAME = "$(TARGET_NAME)";
			};
			name = Debug;
		};
		207F641619B5DF7E005261FA /* Release */ = {
			isa = XCBuildConfiguration;
			buildSettings = {
				INFOPLIST_FILE = Tests/PolylineTests/Info.plist;
				IPHONEOS_DEPLOYMENT_TARGET = 12.0;
				LD_RUNPATH_SEARCH_PATHS = "$(inherited) @executable_path/Frameworks @loader_path/Frameworks";
				PRODUCT_BUNDLE_IDENTIFIER = "com.ramoapps.$(PRODUCT_NAME:rfc1034identifier)";
				PRODUCT_NAME = "$(TARGET_NAME)";
			};
			name = Release;
		};
		91F7833E1CE4EB7F004E87E3 /* Debug */ = {
			isa = XCBuildConfiguration;
			buildSettings = {
				CLANG_ANALYZER_NONNULL = YES;
				CODE_SIGN_IDENTITY = "";
				COMBINE_HIDPI_IMAGES = YES;
				DEAD_CODE_STRIPPING = YES;
				DEBUG_INFORMATION_FORMAT = dwarf;
				DEFINES_MODULE = YES;
				DYLIB_COMPATIBILITY_VERSION = 1;
				DYLIB_CURRENT_VERSION = 7;
				DYLIB_INSTALL_NAME_BASE = "@rpath";
				FRAMEWORK_VERSION = A;
				GCC_NO_COMMON_BLOCKS = YES;
				INFOPLIST_FILE = Sources/Polyline/Info.plist;
				INSTALL_PATH = "$(LOCAL_LIBRARY_DIR)/Frameworks";
				LD_RUNPATH_SEARCH_PATHS = "$(inherited) @executable_path/../Frameworks @loader_path/Frameworks";
				MACOSX_DEPLOYMENT_TARGET = 10.14;
				PRODUCT_BUNDLE_IDENTIFIER = com.ramoapps.Polyline;
				PRODUCT_NAME = Polyline;
				SDKROOT = macosx;
				SKIP_INSTALL = YES;
			};
			name = Debug;
		};
		91F7833F1CE4EB7F004E87E3 /* Release */ = {
			isa = XCBuildConfiguration;
			buildSettings = {
				CLANG_ANALYZER_NONNULL = YES;
				CODE_SIGN_IDENTITY = "";
				COMBINE_HIDPI_IMAGES = YES;
				COPY_PHASE_STRIP = NO;
				DEAD_CODE_STRIPPING = YES;
				DEBUG_INFORMATION_FORMAT = "dwarf-with-dsym";
				DEFINES_MODULE = YES;
				DYLIB_COMPATIBILITY_VERSION = 1;
				DYLIB_CURRENT_VERSION = 7;
				DYLIB_INSTALL_NAME_BASE = "@rpath";
				FRAMEWORK_VERSION = A;
				GCC_NO_COMMON_BLOCKS = YES;
				INFOPLIST_FILE = Sources/Polyline/Info.plist;
				INSTALL_PATH = "$(LOCAL_LIBRARY_DIR)/Frameworks";
				LD_RUNPATH_SEARCH_PATHS = "$(inherited) @executable_path/../Frameworks @loader_path/Frameworks";
				MACOSX_DEPLOYMENT_TARGET = 10.14;
				PRODUCT_BUNDLE_IDENTIFIER = com.ramoapps.Polyline;
				PRODUCT_NAME = Polyline;
				SDKROOT = macosx;
				SKIP_INSTALL = YES;
			};
			name = Release;
		};
		91F783411CE4EB7F004E87E3 /* Debug */ = {
			isa = XCBuildConfiguration;
			buildSettings = {
				CLANG_ANALYZER_NONNULL = YES;
				CODE_SIGN_IDENTITY = "-";
				COMBINE_HIDPI_IMAGES = YES;
				DEAD_CODE_STRIPPING = YES;
				DEBUG_INFORMATION_FORMAT = dwarf;
				GCC_NO_COMMON_BLOCKS = YES;
				INFOPLIST_FILE = Tests/PolylineTests/Info.plist;
				LD_RUNPATH_SEARCH_PATHS = "$(inherited) @executable_path/../Frameworks @loader_path/../Frameworks";
				MACOSX_DEPLOYMENT_TARGET = 10.14;
				PRODUCT_BUNDLE_IDENTIFIER = com.ramoapps.PolylineTests;
				PRODUCT_NAME = PolylineTests;
				SDKROOT = macosx;
			};
			name = Debug;
		};
		91F783421CE4EB7F004E87E3 /* Release */ = {
			isa = XCBuildConfiguration;
			buildSettings = {
				CLANG_ANALYZER_NONNULL = YES;
				CODE_SIGN_IDENTITY = "-";
				COMBINE_HIDPI_IMAGES = YES;
				COPY_PHASE_STRIP = NO;
				DEAD_CODE_STRIPPING = YES;
				DEBUG_INFORMATION_FORMAT = "dwarf-with-dsym";
				GCC_NO_COMMON_BLOCKS = YES;
				INFOPLIST_FILE = Tests/PolylineTests/Info.plist;
				LD_RUNPATH_SEARCH_PATHS = "$(inherited) @executable_path/../Frameworks @loader_path/../Frameworks";
				MACOSX_DEPLOYMENT_TARGET = 10.14;
				PRODUCT_BUNDLE_IDENTIFIER = com.ramoapps.PolylineTests;
				PRODUCT_NAME = PolylineTests;
				SDKROOT = macosx;
			};
			name = Release;
		};
		DA1A10821D003E88009F82FA /* Debug */ = {
			isa = XCBuildConfiguration;
			buildSettings = {
				CLANG_ANALYZER_NONNULL = YES;
				"CODE_SIGN_IDENTITY[sdk=appletvos*]" = "";
				DEBUG_INFORMATION_FORMAT = dwarf;
				DEFINES_MODULE = YES;
				DYLIB_COMPATIBILITY_VERSION = 1;
				DYLIB_CURRENT_VERSION = 7;
				DYLIB_INSTALL_NAME_BASE = "@rpath";
				GCC_NO_COMMON_BLOCKS = YES;
				INFOPLIST_FILE = Sources/Polyline/Info.plist;
				INSTALL_PATH = "$(LOCAL_LIBRARY_DIR)/Frameworks";
				LD_RUNPATH_SEARCH_PATHS = "$(inherited) @executable_path/Frameworks @loader_path/Frameworks";
				PRODUCT_BUNDLE_IDENTIFIER = com.ramoapps.Polyline;
				PRODUCT_NAME = Polyline;
				SDKROOT = appletvos;
				SKIP_INSTALL = YES;
				TARGETED_DEVICE_FAMILY = 3;
				TVOS_DEPLOYMENT_TARGET = 12.0;
			};
			name = Debug;
		};
		DA1A10831D003E88009F82FA /* Release */ = {
			isa = XCBuildConfiguration;
			buildSettings = {
				CLANG_ANALYZER_NONNULL = YES;
				"CODE_SIGN_IDENTITY[sdk=appletvos*]" = "";
				COPY_PHASE_STRIP = NO;
				DEBUG_INFORMATION_FORMAT = "dwarf-with-dsym";
				DEFINES_MODULE = YES;
				DYLIB_COMPATIBILITY_VERSION = 1;
				DYLIB_CURRENT_VERSION = 7;
				DYLIB_INSTALL_NAME_BASE = "@rpath";
				GCC_NO_COMMON_BLOCKS = YES;
				INFOPLIST_FILE = Sources/Polyline/Info.plist;
				INSTALL_PATH = "$(LOCAL_LIBRARY_DIR)/Frameworks";
				LD_RUNPATH_SEARCH_PATHS = "$(inherited) @executable_path/Frameworks @loader_path/Frameworks";
				PRODUCT_BUNDLE_IDENTIFIER = com.ramoapps.Polyline;
				PRODUCT_NAME = Polyline;
				SDKROOT = appletvos;
				SKIP_INSTALL = YES;
				TARGETED_DEVICE_FAMILY = 3;
				TVOS_DEPLOYMENT_TARGET = 12.0;
			};
			name = Release;
		};
		DA1A10841D003E88009F82FA /* Debug */ = {
			isa = XCBuildConfiguration;
			buildSettings = {
				CLANG_ANALYZER_NONNULL = YES;
				DEBUG_INFORMATION_FORMAT = dwarf;
				GCC_NO_COMMON_BLOCKS = YES;
				INFOPLIST_FILE = Tests/PolylineTests/Info.plist;
				LD_RUNPATH_SEARCH_PATHS = "$(inherited) @executable_path/Frameworks @loader_path/Frameworks";
				PRODUCT_BUNDLE_IDENTIFIER = com.ramoapps.PolylineTests;
				PRODUCT_NAME = PolylineTests;
				SDKROOT = appletvos;
				TVOS_DEPLOYMENT_TARGET = 12.0;
			};
			name = Debug;
		};
		DA1A10851D003E88009F82FA /* Release */ = {
			isa = XCBuildConfiguration;
			buildSettings = {
				CLANG_ANALYZER_NONNULL = YES;
				COPY_PHASE_STRIP = NO;
				DEBUG_INFORMATION_FORMAT = "dwarf-with-dsym";
				GCC_NO_COMMON_BLOCKS = YES;
				INFOPLIST_FILE = Tests/PolylineTests/Info.plist;
				LD_RUNPATH_SEARCH_PATHS = "$(inherited) @executable_path/Frameworks @loader_path/Frameworks";
				PRODUCT_BUNDLE_IDENTIFIER = com.ramoapps.PolylineTests;
				PRODUCT_NAME = PolylineTests;
				SDKROOT = appletvos;
				TVOS_DEPLOYMENT_TARGET = 12.0;
			};
			name = Release;
		};
		DA1A10971D00400D009F82FA /* Debug */ = {
			isa = XCBuildConfiguration;
			buildSettings = {
				APPLICATION_EXTENSION_API_ONLY = YES;
				CLANG_ANALYZER_NONNULL = YES;
				"CODE_SIGN_IDENTITY[sdk=watchos*]" = "";
				DEBUG_INFORMATION_FORMAT = dwarf;
				DEFINES_MODULE = YES;
				DYLIB_COMPATIBILITY_VERSION = 1;
				DYLIB_CURRENT_VERSION = 7;
				DYLIB_INSTALL_NAME_BASE = "@rpath";
				GCC_NO_COMMON_BLOCKS = YES;
				INFOPLIST_FILE = Sources/Polyline/Info.plist;
				INSTALL_PATH = "$(LOCAL_LIBRARY_DIR)/Frameworks";
				LD_RUNPATH_SEARCH_PATHS = "$(inherited) @executable_path/Frameworks @loader_path/Frameworks";
				PRODUCT_BUNDLE_IDENTIFIER = com.ramoapps.Polyline;
				PRODUCT_NAME = Polyline;
				SDKROOT = watchos;
				SKIP_INSTALL = YES;
				TARGETED_DEVICE_FAMILY = 4;
				WATCHOS_DEPLOYMENT_TARGET = 5.0;
			};
			name = Debug;
		};
		DA1A10981D00400D009F82FA /* Release */ = {
			isa = XCBuildConfiguration;
			buildSettings = {
				APPLICATION_EXTENSION_API_ONLY = YES;
				CLANG_ANALYZER_NONNULL = YES;
				"CODE_SIGN_IDENTITY[sdk=watchos*]" = "";
				COPY_PHASE_STRIP = NO;
				DEBUG_INFORMATION_FORMAT = "dwarf-with-dsym";
				DEFINES_MODULE = YES;
				DYLIB_COMPATIBILITY_VERSION = 1;
				DYLIB_CURRENT_VERSION = 7;
				DYLIB_INSTALL_NAME_BASE = "@rpath";
				GCC_NO_COMMON_BLOCKS = YES;
				INFOPLIST_FILE = Sources/Polyline/Info.plist;
				INSTALL_PATH = "$(LOCAL_LIBRARY_DIR)/Frameworks";
				LD_RUNPATH_SEARCH_PATHS = "$(inherited) @executable_path/Frameworks @loader_path/Frameworks";
				PRODUCT_BUNDLE_IDENTIFIER = com.ramoapps.Polyline;
				PRODUCT_NAME = Polyline;
				SDKROOT = watchos;
				SKIP_INSTALL = YES;
				TARGETED_DEVICE_FAMILY = 4;
				WATCHOS_DEPLOYMENT_TARGET = 5.0;
			};
			name = Release;
		};
/* End XCBuildConfiguration section */

/* Begin XCConfigurationList section */
		207F63F819B5DF7E005261FA /* Build configuration list for PBXProject "Polyline" */ = {
			isa = XCConfigurationList;
			buildConfigurations = (
				207F640F19B5DF7E005261FA /* Debug */,
				207F641019B5DF7E005261FA /* Release */,
			);
			defaultConfigurationIsVisible = 0;
			defaultConfigurationName = Release;
		};
		207F641119B5DF7E005261FA /* Build configuration list for PBXNativeTarget "Polyline" */ = {
			isa = XCConfigurationList;
			buildConfigurations = (
				207F641219B5DF7E005261FA /* Debug */,
				207F641319B5DF7E005261FA /* Release */,
			);
			defaultConfigurationIsVisible = 0;
			defaultConfigurationName = Release;
		};
		207F641419B5DF7E005261FA /* Build configuration list for PBXNativeTarget "PolylineTests" */ = {
			isa = XCConfigurationList;
			buildConfigurations = (
				207F641519B5DF7E005261FA /* Debug */,
				207F641619B5DF7E005261FA /* Release */,
			);
			defaultConfigurationIsVisible = 0;
			defaultConfigurationName = Release;
		};
		91F7833D1CE4EB7F004E87E3 /* Build configuration list for PBXNativeTarget "PolylineMac" */ = {
			isa = XCConfigurationList;
			buildConfigurations = (
				91F7833E1CE4EB7F004E87E3 /* Debug */,
				91F7833F1CE4EB7F004E87E3 /* Release */,
			);
			defaultConfigurationIsVisible = 0;
			defaultConfigurationName = Release;
		};
		91F783401CE4EB7F004E87E3 /* Build configuration list for PBXNativeTarget "PolylineMacTests" */ = {
			isa = XCConfigurationList;
			buildConfigurations = (
				91F783411CE4EB7F004E87E3 /* Debug */,
				91F783421CE4EB7F004E87E3 /* Release */,
			);
			defaultConfigurationIsVisible = 0;
			defaultConfigurationName = Release;
		};
		DA1A10861D003E88009F82FA /* Build configuration list for PBXNativeTarget "PolylineTV" */ = {
			isa = XCConfigurationList;
			buildConfigurations = (
				DA1A10821D003E88009F82FA /* Debug */,
				DA1A10831D003E88009F82FA /* Release */,
			);
			defaultConfigurationIsVisible = 0;
			defaultConfigurationName = Release;
		};
		DA1A10871D003E88009F82FA /* Build configuration list for PBXNativeTarget "PolylineTVTests" */ = {
			isa = XCConfigurationList;
			buildConfigurations = (
				DA1A10841D003E88009F82FA /* Debug */,
				DA1A10851D003E88009F82FA /* Release */,
			);
			defaultConfigurationIsVisible = 0;
			defaultConfigurationName = Release;
		};
		DA1A10961D00400D009F82FA /* Build configuration list for PBXNativeTarget "PolylineWatch" */ = {
			isa = XCConfigurationList;
			buildConfigurations = (
				DA1A10971D00400D009F82FA /* Debug */,
				DA1A10981D00400D009F82FA /* Release */,
			);
			defaultConfigurationIsVisible = 0;
			defaultConfigurationName = Release;
		};
/* End XCConfigurationList section */
	};
	rootObject = 207F63F519B5DF7E005261FA /* Project object */;
}
